
Microsoft Visual Studio Solution File, Format Version 12.00
# Visual Studio 15
VisualStudioVersion = 15.0.28307.572
MinimumVisualStudioVersion = 10.0.40219.1
Project("{FAE04EC0-301F-11D3-BF4B-00C04F79EFBC}") = "TravelApp.Android", "TravelApp\TravelApp.Android\TravelApp.Android.csproj", "{D4DC98AF-35DA-4E3C-A115-FCED86E5E319}"
EndProject
Project("{FAE04EC0-301F-11D3-BF4B-00C04F79EFBC}") = "TravelApp.iOS", "TravelApp\TravelApp.iOS\TravelApp.iOS.csproj", "{F090D6E1-A19E-448D-BE92-DEF0137AC43B}"
EndProject
Project("{FAE04EC0-301F-11D3-BF4B-00C04F79EFBC}") = "TravelApp", "TravelApp\TravelApp\TravelApp.csproj", "{438CB4E4-1B31-40A6-BC10-F542A11708A4}"
EndProject
Global
	GlobalSection(SolutionConfigurationPlatforms) = preSolution
		Ad-Hoc|Any CPU = Ad-Hoc|Any CPU
		Ad-Hoc|iPhone = Ad-Hoc|iPhone
		Ad-Hoc|iPhoneSimulator = Ad-Hoc|iPhoneSimulator
		AppStore|Any CPU = AppStore|Any CPU
		AppStore|iPhone = AppStore|iPhone
		AppStore|iPhoneSimulator = AppStore|iPhoneSimulator
		Debug|Any CPU = Debug|Any CPU
		Debug|iPhone = Debug|iPhone
		Debug|iPhoneSimulator = Debug|iPhoneSimulator
		Release|Any CPU = Release|Any CPU
		Release|iPhone = Release|iPhone
		Release|iPhoneSimulator = Release|iPhoneSimulator
	EndGlobalSection
	GlobalSection(ProjectConfigurationPlatforms) = postSolution
		{D4DC98AF-35DA-4E3C-A115-FCED86E5E319}.Ad-Hoc|Any CPU.ActiveCfg = Release|Any CPU
		{D4DC98AF-35DA-4E3C-A115-FCED86E5E319}.Ad-Hoc|Any CPU.Build.0 = Release|Any CPU
		{D4DC98AF-35DA-4E3C-A115-FCED86E5E319}.Ad-Hoc|Any CPU.Deploy.0 = Release|Any CPU
		{D4DC98AF-35DA-4E3C-A115-FCED86E5E319}.Ad-Hoc|iPhone.ActiveCfg = Release|Any CPU
		{D4DC98AF-35DA-4E3C-A115-FCED86E5E319}.Ad-Hoc|iPhone.Build.0 = Release|Any CPU
		{D4DC98AF-35DA-4E3C-A115-FCED86E5E319}.Ad-Hoc|iPhone.Deploy.0 = Release|Any CPU
		{D4DC98AF-35DA-4E3C-A115-FCED86E5E319}.Ad-Hoc|iPhoneSimulator.ActiveCfg = Release|Any CPU
		{D4DC98AF-35DA-4E3C-A115-FCED86E5E319}.Ad-Hoc|iPhoneSimulator.Build.0 = Release|Any CPU
		{D4DC98AF-35DA-4E3C-A115-FCED86E5E319}.Ad-Hoc|iPhoneSimulator.Deploy.0 = Release|Any CPU
		{D4DC98AF-35DA-4E3C-A115-FCED86E5E319}.AppStore|Any CPU.ActiveCfg = Release|Any CPU
		{D4DC98AF-35DA-4E3C-A115-FCED86E5E319}.AppStore|Any CPU.Build.0 = Release|Any CPU
		{D4DC98AF-35DA-4E3C-A115-FCED86E5E319}.AppStore|Any CPU.Deploy.0 = Release|Any CPU
		{D4DC98AF-35DA-4E3C-A115-FCED86E5E319}.AppStore|iPhone.ActiveCfg = Release|Any CPU
		{D4DC98AF-35DA-4E3C-A115-FCED86E5E319}.AppStore|iPhone.Build.0 = Release|Any CPU
		{D4DC98AF-35DA-4E3C-A115-FCED86E5E319}.AppStore|iPhone.Deploy.0 = Release|Any CPU
		{D4DC98AF-35DA-4E3C-A115-FCED86E5E319}.AppStore|iPhoneSimulator.ActiveCfg = Release|Any CPU
		{D4DC98AF-35DA-4E3C-A115-FCED86E5E319}.AppStore|iPhoneSimulator.Build.0 = Release|Any CPU
		{D4DC98AF-35DA-4E3C-A115-FCED86E5E319}.AppStore|iPhoneSimulator.Deploy.0 = Release|Any CPU
		{D4DC98AF-35DA-4E3C-A115-FCED86E5E319}.Debug|Any CPU.ActiveCfg = Debug|Any CPU
		{D4DC98AF-35DA-4E3C-A115-FCED86E5E319}.Debug|Any CPU.Build.0 = Debug|Any CPU
		{D4DC98AF-35DA-4E3C-A115-FCED86E5E319}.Debug|Any CPU.Deploy.0 = Debug|Any CPU
		{D4DC98AF-35DA-4E3C-A115-FCED86E5E319}.Debug|iPhone.ActiveCfg = Debug|Any CPU
		{D4DC98AF-35DA-4E3C-A115-FCED86E5E319}.Debug|iPhone.Build.0 = Debug|Any CPU
		{D4DC98AF-35DA-4E3C-A115-FCED86E5E319}.Debug|iPhone.Deploy.0 = Debug|Any CPU
		{D4DC98AF-35DA-4E3C-A115-FCED86E5E319}.Debug|iPhoneSimulator.ActiveCfg = Debug|Any CPU
		{D4DC98AF-35DA-4E3C-A115-FCED86E5E319}.Debug|iPhoneSimulator.Build.0 = Debug|Any CPU
		{D4DC98AF-35DA-4E3C-A115-FCED86E5E319}.Debug|iPhoneSimulator.Deploy.0 = Debug|Any CPU
		{D4DC98AF-35DA-4E3C-A115-FCED86E5E319}.Release|Any CPU.ActiveCfg = Release|Any CPU
		{D4DC98AF-35DA-4E3C-A115-FCED86E5E319}.Release|Any CPU.Build.0 = Release|Any CPU
		{D4DC98AF-35DA-4E3C-A115-FCED86E5E319}.Release|Any CPU.Deploy.0 = Release|Any CPU
		{D4DC98AF-35DA-4E3C-A115-FCED86E5E319}.Release|iPhone.ActiveCfg = Release|Any CPU
		{D4DC98AF-35DA-4E3C-A115-FCED86E5E319}.Release|iPhone.Build.0 = Release|Any CPU
		{D4DC98AF-35DA-4E3C-A115-FCED86E5E319}.Release|iPhone.Deploy.0 = Release|Any CPU
		{D4DC98AF-35DA-4E3C-A115-FCED86E5E319}.Release|iPhoneSimulator.ActiveCfg = Release|Any CPU
		{D4DC98AF-35DA-4E3C-A115-FCED86E5E319}.Release|iPhoneSimulator.Build.0 = Release|Any CPU
		{D4DC98AF-35DA-4E3C-A115-FCED86E5E319}.Release|iPhoneSimulator.Deploy.0 = Release|Any CPU
		{F090D6E1-A19E-448D-BE92-DEF0137AC43B}.Ad-Hoc|Any CPU.ActiveCfg = Ad-Hoc|iPhone
		{F090D6E1-A19E-448D-BE92-DEF0137AC43B}.Ad-Hoc|Any CPU.Build.0 = Ad-Hoc|iPhone
		{F090D6E1-A19E-448D-BE92-DEF0137AC43B}.Ad-Hoc|Any CPU.Deploy.0 = Ad-Hoc|iPhone
		{F090D6E1-A19E-448D-BE92-DEF0137AC43B}.Ad-Hoc|iPhone.ActiveCfg = Ad-Hoc|iPhone
		{F090D6E1-A19E-448D-BE92-DEF0137AC43B}.Ad-Hoc|iPhone.Build.0 = Ad-Hoc|iPhone
		{F090D6E1-A19E-448D-BE92-DEF0137AC43B}.Ad-Hoc|iPhone.Deploy.0 = Ad-Hoc|iPhone
		{F090D6E1-A19E-448D-BE92-DEF0137AC43B}.Ad-Hoc|iPhoneSimulator.ActiveCfg = Ad-Hoc|iPhoneSimulator
		{F090D6E1-A19E-448D-BE92-DEF0137AC43B}.Ad-Hoc|iPhoneSimulator.Build.0 = Ad-Hoc|iPhoneSimulator
		{F090D6E1-A19E-448D-BE92-DEF0137AC43B}.Ad-Hoc|iPhoneSimulator.Deploy.0 = Ad-Hoc|iPhoneSimulator
		{F090D6E1-A19E-448D-BE92-DEF0137AC43B}.AppStore|Any CPU.ActiveCfg = AppStore|iPhone
		{F090D6E1-A19E-448D-BE92-DEF0137AC43B}.AppStore|Any CPU.Build.0 = AppStore|iPhone
		{F090D6E1-A19E-448D-BE92-DEF0137AC43B}.AppStore|Any CPU.Deploy.0 = AppStore|iPhone
		{F090D6E1-A19E-448D-BE92-DEF0137AC43B}.AppStore|iPhone.ActiveCfg = AppStore|iPhone
		{F090D6E1-A19E-448D-BE92-DEF0137AC43B}.AppStore|iPhone.Build.0 = AppStore|iPhone
		{F090D6E1-A19E-448D-BE92-DEF0137AC43B}.AppStore|iPhone.Deploy.0 = AppStore|iPhone
		{F090D6E1-A19E-448D-BE92-DEF0137AC43B}.AppStore|iPhoneSimulator.ActiveCfg = AppStore|iPhoneSimulator
		{F090D6E1-A19E-448D-BE92-DEF0137AC43B}.AppStore|iPhoneSimulator.Build.0 = AppStore|iPhoneSimulator
		{F090D6E1-A19E-448D-BE92-DEF0137AC43B}.AppStore|iPhoneSimulator.Deploy.0 = AppStore|iPhoneSimulator
		{F090D6E1-A19E-448D-BE92-DEF0137AC43B}.Debug|Any CPU.ActiveCfg = Debug|iPhoneSimulator
		{F090D6E1-A19E-448D-BE92-DEF0137AC43B}.Debug|Any CPU.Build.0 = Debug|iPhoneSimulator
		{F090D6E1-A19E-448D-BE92-DEF0137AC43B}.Debug|Any CPU.Deploy.0 = Debug|iPhoneSimulator
		{F090D6E1-A19E-448D-BE92-DEF0137AC43B}.Debug|iPhone.ActiveCfg = Debug|iPhone
		{F090D6E1-A19E-448D-BE92-DEF0137AC43B}.Debug|iPhone.Build.0 = Debug|iPhone
		{F090D6E1-A19E-448D-BE92-DEF0137AC43B}.Debug|iPhone.Deploy.0 = Debug|iPhone
		{F090D6E1-A19E-448D-BE92-DEF0137AC43B}.Debug|iPhoneSimulator.ActiveCfg = Debug|iPhoneSimulator
		{F090D6E1-A19E-448D-BE92-DEF0137AC43B}.Debug|iPhoneSimulator.Build.0 = Debug|iPhoneSimulator
		{F090D6E1-A19E-448D-BE92-DEF0137AC43B}.Debug|iPhoneSimulator.Deploy.0 = Debug|iPhoneSimulator
		{F090D6E1-A19E-448D-BE92-DEF0137AC43B}.Release|Any CPU.ActiveCfg = Release|iPhone
		{F090D6E1-A19E-448D-BE92-DEF0137AC43B}.Release|Any CPU.Build.0 = Release|iPhone
		{F090D6E1-A19E-448D-BE92-DEF0137AC43B}.Release|Any CPU.Deploy.0 = Release|iPhone
		{F090D6E1-A19E-448D-BE92-DEF0137AC43B}.Release|iPhone.ActiveCfg = Release|iPhone
		{F090D6E1-A19E-448D-BE92-DEF0137AC43B}.Release|iPhone.Build.0 = Release|iPhone
		{F090D6E1-A19E-448D-BE92-DEF0137AC43B}.Release|iPhone.Deploy.0 = Release|iPhone
		{F090D6E1-A19E-448D-BE92-DEF0137AC43B}.Release|iPhoneSimulator.ActiveCfg = Release|iPhoneSimulator
		{F090D6E1-A19E-448D-BE92-DEF0137AC43B}.Release|iPhoneSimulator.Build.0 = Release|iPhoneSimulator
		{F090D6E1-A19E-448D-BE92-DEF0137AC43B}.Release|iPhoneSimulator.Deploy.0 = Release|iPhoneSimulator
		{438CB4E4-1B31-40A6-BC10-F542A11708A4}.Ad-Hoc|Any CPU.ActiveCfg = Debug|Any CPU
		{438CB4E4-1B31-40A6-BC10-F542A11708A4}.Ad-Hoc|Any CPU.Build.0 = Debug|Any CPU
		{438CB4E4-1B31-40A6-BC10-F542A11708A4}.Ad-Hoc|Any CPU.Deploy.0 = Debug|Any CPU
		{438CB4E4-1B31-40A6-BC10-F542A11708A4}.Ad-Hoc|iPhone.ActiveCfg = Debug|Any CPU
		{438CB4E4-1B31-40A6-BC10-F542A11708A4}.Ad-Hoc|iPhone.Build.0 = Debug|Any CPU
		{438CB4E4-1B31-40A6-BC10-F542A11708A4}.Ad-Hoc|iPhone.Deploy.0 = Debug|Any CPU
		{438CB4E4-1B31-40A6-BC10-F542A11708A4}.Ad-Hoc|iPhoneSimulator.ActiveCfg = Debug|Any CPU
		{438CB4E4-1B31-40A6-BC10-F542A11708A4}.Ad-Hoc|iPhoneSimulator.Build.0 = Debug|Any CPU
		{438CB4E4-1B31-40A6-BC10-F542A11708A4}.Ad-Hoc|iPhoneSimulator.Deploy.0 = Debug|Any CPU
		{438CB4E4-1B31-40A6-BC10-F542A11708A4}.AppStore|Any CPU.ActiveCfg = Debug|Any CPU
		{438CB4E4-1B31-40A6-BC10-F542A11708A4}.AppStore|Any CPU.Build.0 = Debug|Any CPU
		{438CB4E4-1B31-40A6-BC10-F542A11708A4}.AppStore|Any CPU.Deploy.0 = Debug|Any CPU
		{438CB4E4-1B31-40A6-BC10-F542A11708A4}.AppStore|iPhone.ActiveCfg = Debug|Any CPU
		{438CB4E4-1B31-40A6-BC10-F542A11708A4}.AppStore|iPhone.Build.0 = Debug|Any CPU
		{438CB4E4-1B31-40A6-BC10-F542A11708A4}.AppStore|iPhone.Deploy.0 = Debug|Any CPU
		{438CB4E4-1B31-40A6-BC10-F542A11708A4}.AppStore|iPhoneSimulator.ActiveCfg = Debug|Any CPU
		{438CB4E4-1B31-40A6-BC10-F542A11708A4}.AppStore|iPhoneSimulator.Build.0 = Debug|Any CPU
		{438CB4E4-1B31-40A6-BC10-F542A11708A4}.AppStore|iPhoneSimulator.Deploy.0 = Debug|Any CPU
		{438CB4E4-1B31-40A6-BC10-F542A11708A4}.Debug|Any CPU.ActiveCfg = Debug|Any CPU
		{438CB4E4-1B31-40A6-BC10-F542A11708A4}.Debug|Any CPU.Build.0 = Debug|Any CPU
		{438CB4E4-1B31-40A6-BC10-F542A11708A4}.Debug|Any CPU.Deploy.0 = Debug|Any CPU
		{438CB4E4-1B31-40A6-BC10-F542A11708A4}.Debug|iPhone.ActiveCfg = Debug|Any CPU
		{438CB4E4-1B31-40A6-BC10-F542A11708A4}.Debug|iPhone.Build.0 = Debug|Any CPU
		{438CB4E4-1B31-40A6-BC10-F542A11708A4}.Debug|iPhone.Deploy.0 = Debug|Any CPU
		{438CB4E4-1B31-40A6-BC10-F542A11708A4}.Debug|iPhoneSimulator.ActiveCfg = Debug|Any CPU
		{438CB4E4-1B31-40A6-BC10-F542A11708A4}.Debug|iPhoneSimulator.Build.0 = Debug|Any CPU
		{438CB4E4-1B31-40A6-BC10-F542A11708A4}.Debug|iPhoneSimulator.Deploy.0 = Debug|Any CPU
		{438CB4E4-1B31-40A6-BC10-F542A11708A4}.Release|Any CPU.ActiveCfg = Release|Any CPU
		{438CB4E4-1B31-40A6-BC10-F542A11708A4}.Release|Any CPU.Build.0 = Release|Any CPU
		{438CB4E4-1B31-40A6-BC10-F542A11708A4}.Release|Any CPU.Deploy.0 = Release|Any CPU
		{438CB4E4-1B31-40A6-BC10-F542A11708A4}.Release|iPhone.ActiveCfg = Release|Any CPU
		{438CB4E4-1B31-40A6-BC10-F542A11708A4}.Release|iPhone.Build.0 = Release|Any CPU
		{438CB4E4-1B31-40A6-BC10-F542A11708A4}.Release|iPhone.Deploy.0 = Release|Any CPU
		{438CB4E4-1B31-40A6-BC10-F542A11708A4}.Release|iPhoneSimulator.ActiveCfg = Release|Any CPU
		{438CB4E4-1B31-40A6-BC10-F542A11708A4}.Release|iPhoneSimulator.Build.0 = Release|Any CPU
		{438CB4E4-1B31-40A6-BC10-F542A11708A4}.Release|iPhoneSimulator.Deploy.0 = Release|Any CPU
	EndGlobalSection
	GlobalSection(SolutionProperties) = preSolution
		HideSolutionNode = FALSE
	EndGlobalSection
	GlobalSection(ExtensibilityGlobals) = postSolution
		SolutionGuid = {DF2B13CA-43AF-4A6F-8FBE-B4AA4ACB429B}
	EndGlobalSection
EndGlobal
